
Microsoft Visual Studio Solution File, Format Version 12.00
# Visual Studio Version 17
VisualStudioVersion = 17.5.002.0
MinimumVisualStudioVersion = 10.0.40219.1
Project("{2150E333-8FDC-42A3-9474-1A3956D46DE8}") = "prepare", "prepare", "{E65BF848-FE0C-49A2-9C42-CE5FAD90AF55}"
EndProject
Project("{9A19103F-16F7-4668-BE54-9A1E7A4F7556}") = "Learning02", "prepare\Learning02\Learning02.csproj", "{22648FF9-7C42-42DB-AA66-2BFE3DD09BA7}"
EndProject
Project("{9A19103F-16F7-4668-BE54-9A1E7A4F7556}") = "Learning05", "prepare\Learning05\Learning05.csproj", "{BE86C417-1783-4E2D-9519-B4DD3EBF5B1A}"
EndProject
Project("{9A19103F-16F7-4668-BE54-9A1E7A4F7556}") = "Learning04", "prepare\Learning04\Learning04.csproj", "{DB0AD50D-9F09-4CC1-9962-93BD4C8341A9}"
EndProject
Project("{9A19103F-16F7-4668-BE54-9A1E7A4F7556}") = "Learning03", "prepare\Learning03\Learning03.csproj", "{D7D0B131-F133-4DDA-A6B8-1614AC662A58}"
EndProject
Project("{2150E333-8FDC-42A3-9474-1A3956D46DE8}") = "prove", "prove", "{55D29926-7B46-4540-8F58-42FC1574FD18}"
EndProject
Project("{9A19103F-16F7-4668-BE54-9A1E7A4F7556}") = "Develop03", "prove\Develop03\Develop03.csproj", "{BA69A6E7-9C6E-4922-B204-BD36711CB8DB}"
EndProject
Project("{9A19103F-16F7-4668-BE54-9A1E7A4F7556}") = "Develop04", "prove\Develop04\Develop04.csproj", "{BF95EEAE-40BA-4726-9570-2721F852ADF4}"
EndProject
Project("{9A19103F-16F7-4668-BE54-9A1E7A4F7556}") = "Develop05", "prove\Develop05\Develop05.csproj", "{EF4E56E0-537D-48F3-8799-30087D00714E}"
EndProject
Project("{9A19103F-16F7-4668-BE54-9A1E7A4F7556}") = "Develop02", "prove\Develop02\Develop02.csproj", "{9DEC10CB-A041-45CD-A319-07DC7831230B}"
EndProject
Project("{2150E333-8FDC-42A3-9474-1A3956D46DE8}") = "sandbox", "sandbox", "{ED7F7A09-569C-41FA-8FDD-C85FF6C1C281}"
EndProject
Project("{9A19103F-16F7-4668-BE54-9A1E7A4F7556}") = "Sandbox", "sandbox\Sandbox\Sandbox.csproj", "{1C2D9287-990A-4FE3-BBC9-CD38219C08AD}"
EndProject
Project("{2150E333-8FDC-42A3-9474-1A3956D46DE8}") = "final", "final", "{DF13466A-0CFF-4314-B339-092E586C8256}"
EndProject
Project("{9A19103F-16F7-4668-BE54-9A1E7A4F7556}") = "FinalProject", "final\FinalProject\FinalProject.csproj", "{553210C5-BD4D-43A8-A9E0-29D1D9B27C2C}"
EndProject
Project("{9A19103F-16F7-4668-BE54-9A1E7A4F7556}") = "Foundation1", "final\Foundation1\Foundation1.csproj", "{062F50B9-6318-4285-BC43-A44F6B7B0839}"
EndProject
Project("{9A19103F-16F7-4668-BE54-9A1E7A4F7556}") = "Foundation4", "final\Foundation4\Foundation4.csproj", "{29E84923-3410-4F99-BC18-5812CA877831}"
EndProject
Project("{9A19103F-16F7-4668-BE54-9A1E7A4F7556}") = "Foundation3", "final\Foundation3\Foundation3.csproj", "{532DD8AC-37CE-41B0-8172-4774F0782632}"
EndProject
Project("{9A19103F-16F7-4668-BE54-9A1E7A4F7556}") = "Foundation2", "final\Foundation2\Foundation2.csproj", "{E679FB0C-86E6-4EE7-970F-C7152DA1A770}"
EndProject
Project("{2150E333-8FDC-42A3-9474-1A3956D46DE8}") = "csharp-prep", "csharp-prep", "{EBEDE142-79E1-4FDF-ACA4-94021A34921C}"
EndProject
Project("{9A19103F-16F7-4668-BE54-9A1E7A4F7556}") = "Prep1", "csharp-prep\Prep1\Prep1.csproj", "{53E93B97-3937-4C18-806A-834495346D28}"
EndProject
Project("{9A19103F-16F7-4668-BE54-9A1E7A4F7556}") = "Prep5", "csharp-prep\Prep5\Prep5.csproj", "{441B0584-AF3A-4691-84BA-DBB556479E8B}"
EndProject
Project("{9A19103F-16F7-4668-BE54-9A1E7A4F7556}") = "Prep2", "csharp-prep\Prep2\Prep2.csproj", "{E50BE980-30E5-4CEA-876E-B40F9775A983}"
EndProject
Project("{9A19103F-16F7-4668-BE54-9A1E7A4F7556}") = "Prep3", "csharp-prep\Prep3\Prep3.csproj", "{25D2A235-10D4-4D65-94A9-F91DB85CFEB4}"
EndProject
Project("{9A19103F-16F7-4668-BE54-9A1E7A4F7556}") = "Prep4", "csharp-prep\Prep4\Prep4.csproj", "{07D6F69F-A324-4266-851D-A2379A1382A1}"
EndProject
Global
	GlobalSection(SolutionConfigurationPlatforms) = preSolution
		Debug|Any CPU = Debug|Any CPU
		Release|Any CPU = Release|Any CPU
	EndGlobalSection
	GlobalSection(ProjectConfigurationPlatforms) = postSolution
		{22648FF9-7C42-42DB-AA66-2BFE3DD09BA7}.Debug|Any CPU.ActiveCfg = Debug|Any CPU
		{22648FF9-7C42-42DB-AA66-2BFE3DD09BA7}.Debug|Any CPU.Build.0 = Debug|Any CPU
		{22648FF9-7C42-42DB-AA66-2BFE3DD09BA7}.Release|Any CPU.ActiveCfg = Release|Any CPU
		{22648FF9-7C42-42DB-AA66-2BFE3DD09BA7}.Release|Any CPU.Build.0 = Release|Any CPU
		{BE86C417-1783-4E2D-9519-B4DD3EBF5B1A}.Debug|Any CPU.ActiveCfg = Debug|Any CPU
		{BE86C417-1783-4E2D-9519-B4DD3EBF5B1A}.Debug|Any CPU.Build.0 = Debug|Any CPU
		{BE86C417-1783-4E2D-9519-B4DD3EBF5B1A}.Release|Any CPU.ActiveCfg = Release|Any CPU
		{BE86C417-1783-4E2D-9519-B4DD3EBF5B1A}.Release|Any CPU.Build.0 = Release|Any CPU
		{DB0AD50D-9F09-4CC1-9962-93BD4C8341A9}.Debug|Any CPU.ActiveCfg = Debug|Any CPU
		{DB0AD50D-9F09-4CC1-9962-93BD4C8341A9}.Debug|Any CPU.Build.0 = Debug|Any CPU
		{DB0AD50D-9F09-4CC1-9962-93BD4C8341A9}.Release|Any CPU.ActiveCfg = Release|Any CPU
		{DB0AD50D-9F09-4CC1-9962-93BD4C8341A9}.Release|Any CPU.Build.0 = Release|Any CPU
		{D7D0B131-F133-4DDA-A6B8-1614AC662A58}.Debug|Any CPU.ActiveCfg = Debug|Any CPU
		{D7D0B131-F133-4DDA-A6B8-1614AC662A58}.Debug|Any CPU.Build.0 = Debug|Any CPU
		{D7D0B131-F133-4DDA-A6B8-1614AC662A58}.Release|Any CPU.ActiveCfg = Release|Any CPU
		{D7D0B131-F133-4DDA-A6B8-1614AC662A58}.Release|Any CPU.Build.0 = Release|Any CPU
		{BA69A6E7-9C6E-4922-B204-BD36711CB8DB}.Debug|Any CPU.ActiveCfg = Debug|Any CPU
		{BA69A6E7-9C6E-4922-B204-BD36711CB8DB}.Debug|Any CPU.Build.0 = Debug|Any CPU
		{BA69A6E7-9C6E-4922-B204-BD36711CB8DB}.Release|Any CPU.ActiveCfg = Release|Any CPU
		{BA69A6E7-9C6E-4922-B204-BD36711CB8DB}.Release|Any CPU.Build.0 = Release|Any CPU
		{BF95EEAE-40BA-4726-9570-2721F852ADF4}.Debug|Any CPU.ActiveCfg = Debug|Any CPU
		{BF95EEAE-40BA-4726-9570-2721F852ADF4}.Debug|Any CPU.Build.0 = Debug|Any CPU
		{BF95EEAE-40BA-4726-9570-2721F852ADF4}.Release|Any CPU.ActiveCfg = Release|Any CPU
		{BF95EEAE-40BA-4726-9570-2721F852ADF4}.Release|Any CPU.Build.0 = Release|Any CPU
		{EF4E56E0-537D-48F3-8799-30087D00714E}.Debug|Any CPU.ActiveCfg = Debug|Any CPU
		{EF4E56E0-537D-48F3-8799-30087D00714E}.Debug|Any CPU.Build.0 = Debug|Any CPU
		{EF4E56E0-537D-48F3-8799-30087D00714E}.Release|Any CPU.ActiveCfg = Release|Any CPU
		{EF4E56E0-537D-48F3-8799-30087D00714E}.Release|Any CPU.Build.0 = Release|Any CPU
		{9DEC10CB-A041-45CD-A319-07DC7831230B}.Debug|Any CPU.ActiveCfg = Debug|Any CPU
		{9DEC10CB-A041-45CD-A319-07DC7831230B}.Debug|Any CPU.Build.0 = Debug|Any CPU
		{9DEC10CB-A041-45CD-A319-07DC7831230B}.Release|Any CPU.ActiveCfg = Release|Any CPU
		{9DEC10CB-A041-45CD-A319-07DC7831230B}.Release|Any CPU.Build.0 = Release|Any CPU
		{1C2D9287-990A-4FE3-BBC9-CD38219C08AD}.Debug|Any CPU.ActiveCfg = Debug|Any CPU
		{1C2D9287-990A-4FE3-BBC9-CD38219C08AD}.Debug|Any CPU.Build.0 = Debug|Any CPU
		{1C2D9287-990A-4FE3-BBC9-CD38219C08AD}.Release|Any CPU.ActiveCfg = Release|Any CPU
		{1C2D9287-990A-4FE3-BBC9-CD38219C08AD}.Release|Any CPU.Build.0 = Release|Any CPU
		{553210C5-BD4D-43A8-A9E0-29D1D9B27C2C}.Debug|Any CPU.ActiveCfg = Debug|Any CPU
		{553210C5-BD4D-43A8-A9E0-29D1D9B27C2C}.Debug|Any CPU.Build.0 = Debug|Any CPU
		{553210C5-BD4D-43A8-A9E0-29D1D9B27C2C}.Release|Any CPU.ActiveCfg = Release|Any CPU
		{553210C5-BD4D-43A8-A9E0-29D1D9B27C2C}.Release|Any CPU.Build.0 = Release|Any CPU
		{062F50B9-6318-4285-BC43-A44F6B7B0839}.Debug|Any CPU.ActiveCfg = Debug|Any CPU
		{062F50B9-6318-4285-BC43-A44F6B7B0839}.Debug|Any CPU.Build.0 = Debug|Any CPU
		{062F50B9-6318-4285-BC43-A44F6B7B0839}.Release|Any CPU.ActiveCfg = Release|Any CPU
		{062F50B9-6318-4285-BC43-A44F6B7B0839}.Release|Any CPU.Build.0 = Release|Any CPU
		{29E84923-3410-4F99-BC18-5812CA877831}.Debug|Any CPU.ActiveCfg = Debug|Any CPU
		{29E84923-3410-4F99-BC18-5812CA877831}.Debug|Any CPU.Build.0 = Debug|Any CPU
		{29E84923-3410-4F99-BC18-5812CA877831}.Release|Any CPU.ActiveCfg = Release|Any CPU
		{29E84923-3410-4F99-BC18-5812CA877831}.Release|Any CPU.Build.0 = Release|Any CPU
		{532DD8AC-37CE-41B0-8172-4774F0782632}.Debug|Any CPU.ActiveCfg = Debug|Any CPU
		{532DD8AC-37CE-41B0-8172-4774F0782632}.Debug|Any CPU.Build.0 = Debug|Any CPU
		{532DD8AC-37CE-41B0-8172-4774F0782632}.Release|Any CPU.ActiveCfg = Release|Any CPU
		{532DD8AC-37CE-41B0-8172-4774F0782632}.Release|Any CPU.Build.0 = Release|Any CPU
		{E679FB0C-86E6-4EE7-970F-C7152DA1A770}.Debug|Any CPU.ActiveCfg = Debug|Any CPU
		{E679FB0C-86E6-4EE7-970F-C7152DA1A770}.Debug|Any CPU.Build.0 = Debug|Any CPU
		{E679FB0C-86E6-4EE7-970F-C7152DA1A770}.Release|Any CPU.ActiveCfg = Release|Any CPU
		{E679FB0C-86E6-4EE7-970F-C7152DA1A770}.Release|Any CPU.Build.0 = Release|Any CPU
		{53E93B97-3937-4C18-806A-834495346D28}.Debug|Any CPU.ActiveCfg = Debug|Any CPU
		{53E93B97-3937-4C18-806A-834495346D28}.Debug|Any CPU.Build.0 = Debug|Any CPU
		{53E93B97-3937-4C18-806A-834495346D28}.Release|Any CPU.ActiveCfg = Release|Any CPU
		{53E93B97-3937-4C18-806A-834495346D28}.Release|Any CPU.Build.0 = Release|Any CPU
		{441B0584-AF3A-4691-84BA-DBB556479E8B}.Debug|Any CPU.ActiveCfg = Debug|Any CPU
		{441B0584-AF3A-4691-84BA-DBB556479E8B}.Debug|Any CPU.Build.0 = Debug|Any CPU
		{441B0584-AF3A-4691-84BA-DBB556479E8B}.Release|Any CPU.ActiveCfg = Release|Any CPU
		{441B0584-AF3A-4691-84BA-DBB556479E8B}.Release|Any CPU.Build.0 = Release|Any CPU
		{E50BE980-30E5-4CEA-876E-B40F9775A983}.Debug|Any CPU.ActiveCfg = Debug|Any CPU
		{E50BE980-30E5-4CEA-876E-B40F9775A983}.Debug|Any CPU.Build.0 = Debug|Any CPU
		{E50BE980-30E5-4CEA-876E-B40F9775A983}.Release|Any CPU.ActiveCfg = Release|Any CPU
		{E50BE980-30E5-4CEA-876E-B40F9775A983}.Release|Any CPU.Build.0 = Release|Any CPU
		{25D2A235-10D4-4D65-94A9-F91DB85CFEB4}.Debug|Any CPU.ActiveCfg = Debug|Any CPU
		{25D2A235-10D4-4D65-94A9-F91DB85CFEB4}.Debug|Any CPU.Build.0 = Debug|Any CPU
		{25D2A235-10D4-4D65-94A9-F91DB85CFEB4}.Release|Any CPU.ActiveCfg = Release|Any CPU
		{25D2A235-10D4-4D65-94A9-F91DB85CFEB4}.Release|Any CPU.Build.0 = Release|Any CPU
		{07D6F69F-A324-4266-851D-A2379A1382A1}.Debug|Any CPU.ActiveCfg = Debug|Any CPU
		{07D6F69F-A324-4266-851D-A2379A1382A1}.Debug|Any CPU.Build.0 = Debug|Any CPU
		{07D6F69F-A324-4266-851D-A2379A1382A1}.Release|Any CPU.ActiveCfg = Release|Any CPU
		{07D6F69F-A324-4266-851D-A2379A1382A1}.Release|Any CPU.Build.0 = Release|Any CPU
	EndGlobalSection
	GlobalSection(SolutionProperties) = preSolution
		HideSolutionNode = FALSE
	EndGlobalSection
	GlobalSection(NestedProjects) = preSolution
		{22648FF9-7C42-42DB-AA66-2BFE3DD09BA7} = {E65BF848-FE0C-49A2-9C42-CE5FAD90AF55}
		{BE86C417-1783-4E2D-9519-B4DD3EBF5B1A} = {E65BF848-FE0C-49A2-9C42-CE5FAD90AF55}
		{DB0AD50D-9F09-4CC1-9962-93BD4C8341A9} = {E65BF848-FE0C-49A2-9C42-CE5FAD90AF55}
		{D7D0B131-F133-4DDA-A6B8-1614AC662A58} = {E65BF848-FE0C-49A2-9C42-CE5FAD90AF55}
		{BA69A6E7-9C6E-4922-B204-BD36711CB8DB} = {55D29926-7B46-4540-8F58-42FC1574FD18}
		{BF95EEAE-40BA-4726-9570-2721F852ADF4} = {55D29926-7B46-4540-8F58-42FC1574FD18}
		{EF4E56E0-537D-48F3-8799-30087D00714E} = {55D29926-7B46-4540-8F58-42FC1574FD18}
		{9DEC10CB-A041-45CD-A319-07DC7831230B} = {55D29926-7B46-4540-8F58-42FC1574FD18}
		{1C2D9287-990A-4FE3-BBC9-CD38219C08AD} = {ED7F7A09-569C-41FA-8FDD-C85FF6C1C281}
		{553210C5-BD4D-43A8-A9E0-29D1D9B27C2C} = {DF13466A-0CFF-4314-B339-092E586C8256}
		{062F50B9-6318-4285-BC43-A44F6B7B0839} = {DF13466A-0CFF-4314-B339-092E586C8256}
		{29E84923-3410-4F99-BC18-5812CA877831} = {DF13466A-0CFF-4314-B339-092E586C8256}
		{532DD8AC-37CE-41B0-8172-4774F0782632} = {DF13466A-0CFF-4314-B339-092E586C8256}
		{E679FB0C-86E6-4EE7-970F-C7152DA1A770} = {DF13466A-0CFF-4314-B339-092E586C8256}
		{53E93B97-3937-4C18-806A-834495346D28} = {EBEDE142-79E1-4FDF-ACA4-94021A34921C}
		{441B0584-AF3A-4691-84BA-DBB556479E8B} = {EBEDE142-79E1-4FDF-ACA4-94021A34921C}
		{E50BE980-30E5-4CEA-876E-B40F9775A983} = {EBEDE142-79E1-4FDF-ACA4-94021A34921C}
		{25D2A235-10D4-4D65-94A9-F91DB85CFEB4} = {EBEDE142-79E1-4FDF-ACA4-94021A34921C}
		{07D6F69F-A324-4266-851D-A2379A1382A1} = {EBEDE142-79E1-4FDF-ACA4-94021A34921C}
	EndGlobalSection
	GlobalSection(ExtensibilityGlobals) = postSolution
		SolutionGuid = {1D2E68F2-9EC5-4493-B721-6C220BC7F17D}
	EndGlobalSection
EndGlobal
